
Microsoft Visual Studio Solution File, Format Version 12.00
# Visual Studio Version 17
VisualStudioVersion = 17.0.31903.59
MinimumVisualStudioVersion = 10.0.40219.1
Project("{2150E333-8FDC-42A3-9474-1A3956D46DE8}") = "src", "src", "{827E0CD3-B72D-47B6-A68D-7590B98EB39B}"
EndProject
Project("{FAE04EC0-301F-11D3-BF4B-00C04F79EFBC}") = "Sleezer", "src\Sleezer\Sleezer.csproj", "{7C8D8938-FC94-4AEA-9C2E-33B80CB1B85B}"
EndProject
Project("{2150E333-8FDC-42A3-9474-1A3956D46DE8}") = "ext", "ext", "{A7FFB67D-78BD-B692-0A70-32071179BAD1}"
EndProject
Project("{2150E333-8FDC-42A3-9474-1A3956D46DE8}") = "Lidarr", "Lidarr", "{3F138E06-C9B0-A8EF-AB11-D0B0459764B8}"
EndProject
Project("{2150E333-8FDC-42A3-9474-1A3956D46DE8}") = "src", "src", "{FBEEE1C9-A02B-BBC9-68A5-1394F29243BF}"
EndProject
Project("{2150E333-8FDC-42A3-9474-1A3956D46DE8}") = "NzbDrone.Common", "NzbDrone.Common", "{0C788A8E-B4A0-EB75-3549-5527E822D8A2}"
EndProject
Project("{FAE04EC0-301F-11D3-BF4B-00C04F79EFBC}") = "Lidarr.Common", "ext\Lidarr\src\NzbDrone.Common\Lidarr.Common.csproj", "{8886F388-4004-466F-9605-235CAAB7671E}"
EndProject
Project("{2150E333-8FDC-42A3-9474-1A3956D46DE8}") = "NzbDrone.Core", "NzbDrone.Core", "{2EE916A1-D843-EA25-C904-D50152B715D9}"
EndProject
Project("{FAE04EC0-301F-11D3-BF4B-00C04F79EFBC}") = "Lidarr.Core", "ext\Lidarr\src\NzbDrone.Core\Lidarr.Core.csproj", "{5FA01222-6C48-459E-BA9E-902EA1B0798A}"
EndProject
Project("{FAE04EC0-301F-11D3-BF4B-00C04F79EFBC}") = "Lidarr.Http", "ext\Lidarr\src\Lidarr.Http\Lidarr.Http.csproj", "{9681DA27-B148-4AB5-9C45-46E0F6325EC2}"
EndProject
Project("{2150E333-8FDC-42A3-9474-1A3956D46DE8}") = "NzbDrone.SignalR", "NzbDrone.SignalR", "{95030ADC-5115-6828-CF53-2C389706BC19}"
EndProject
Project("{FAE04EC0-301F-11D3-BF4B-00C04F79EFBC}") = "Lidarr.SignalR", "ext\Lidarr\src\NzbDrone.SignalR\Lidarr.SignalR.csproj", "{AB135945-CCC6-4E42-89DF-5A0F282B9140}"
EndProject
Global
	GlobalSection(SolutionConfigurationPlatforms) = preSolution
		Debug|Any CPU = Debug|Any CPU
		Debug|x64 = Debug|x64
		Debug|x86 = Debug|x86
		Release|Any CPU = Release|Any CPU
		Release|x64 = Release|x64
		Release|x86 = Release|x86
	EndGlobalSection
	GlobalSection(ProjectConfigurationPlatforms) = postSolution
		{7C8D8938-FC94-4AEA-9C2E-33B80CB1B85B}.Debug|Any CPU.ActiveCfg = Debug|Any CPU
		{7C8D8938-FC94-4AEA-9C2E-33B80CB1B85B}.Debug|Any CPU.Build.0 = Debug|Any CPU
		{7C8D8938-FC94-4AEA-9C2E-33B80CB1B85B}.Debug|x64.ActiveCfg = Debug|Any CPU
		{7C8D8938-FC94-4AEA-9C2E-33B80CB1B85B}.Debug|x64.Build.0 = Debug|Any CPU
		{7C8D8938-FC94-4AEA-9C2E-33B80CB1B85B}.Debug|x86.ActiveCfg = Debug|Any CPU
		{7C8D8938-FC94-4AEA-9C2E-33B80CB1B85B}.Debug|x86.Build.0 = Debug|Any CPU
		{7C8D8938-FC94-4AEA-9C2E-33B80CB1B85B}.Release|Any CPU.ActiveCfg = Release|Any CPU
		{7C8D8938-FC94-4AEA-9C2E-33B80CB1B85B}.Release|Any CPU.Build.0 = Release|Any CPU
		{7C8D8938-FC94-4AEA-9C2E-33B80CB1B85B}.Release|x64.ActiveCfg = Release|Any CPU
		{7C8D8938-FC94-4AEA-9C2E-33B80CB1B85B}.Release|x64.Build.0 = Release|Any CPU
		{7C8D8938-FC94-4AEA-9C2E-33B80CB1B85B}.Release|x86.ActiveCfg = Release|Any CPU
		{7C8D8938-FC94-4AEA-9C2E-33B80CB1B85B}.Release|x86.Build.0 = Release|Any CPU
		{8886F388-4004-466F-9605-235CAAB7671E}.Debug|Any CPU.ActiveCfg = Debug|Any CPU
		{8886F388-4004-466F-9605-235CAAB7671E}.Debug|Any CPU.Build.0 = Debug|Any CPU
		{8886F388-4004-466F-9605-235CAAB7671E}.Debug|x64.ActiveCfg = Debug|Any CPU
		{8886F388-4004-466F-9605-235CAAB7671E}.Debug|x64.Build.0 = Debug|Any CPU
		{8886F388-4004-466F-9605-235CAAB7671E}.Debug|x86.ActiveCfg = Debug|Any CPU
		{8886F388-4004-466F-9605-235CAAB7671E}.Debug|x86.Build.0 = Debug|Any CPU
		{8886F388-4004-466F-9605-235CAAB7671E}.Release|Any CPU.ActiveCfg = Release|Any CPU
		{8886F388-4004-466F-9605-235CAAB7671E}.Release|Any CPU.Build.0 = Release|Any CPU
		{8886F388-4004-466F-9605-235CAAB7671E}.Release|x64.ActiveCfg = Release|Any CPU
		{8886F388-4004-466F-9605-235CAAB7671E}.Release|x64.Build.0 = Release|Any CPU
		{8886F388-4004-466F-9605-235CAAB7671E}.Release|x86.ActiveCfg = Release|Any CPU
		{8886F388-4004-466F-9605-235CAAB7671E}.Release|x86.Build.0 = Release|Any CPU
		{5FA01222-6C48-459E-BA9E-902EA1B0798A}.Debug|Any CPU.ActiveCfg = Debug|Any CPU
		{5FA01222-6C48-459E-BA9E-902EA1B0798A}.Debug|Any CPU.Build.0 = Debug|Any CPU
		{5FA01222-6C48-459E-BA9E-902EA1B0798A}.Debug|x64.ActiveCfg = Debug|Any CPU
		{5FA01222-6C48-459E-BA9E-902EA1B0798A}.Debug|x64.Build.0 = Debug|Any CPU
		{5FA01222-6C48-459E-BA9E-902EA1B0798A}.Debug|x86.ActiveCfg = Debug|Any CPU
		{5FA01222-6C48-459E-BA9E-902EA1B0798A}.Debug|x86.Build.0 = Debug|Any CPU
		{5FA01222-6C48-459E-BA9E-902EA1B0798A}.Release|Any CPU.ActiveCfg = Release|Any CPU
		{5FA01222-6C48-459E-BA9E-902EA1B0798A}.Release|Any CPU.Build.0 = Release|Any CPU
		{5FA01222-6C48-459E-BA9E-902EA1B0798A}.Release|x64.ActiveCfg = Release|Any CPU
		{5FA01222-6C48-459E-BA9E-902EA1B0798A}.Release|x64.Build.0 = Release|Any CPU
		{5FA01222-6C48-459E-BA9E-902EA1B0798A}.Release|x86.ActiveCfg = Release|Any CPU
		{5FA01222-6C48-459E-BA9E-902EA1B0798A}.Release|x86.Build.0 = Release|Any CPU
		{9681DA27-B148-4AB5-9C45-46E0F6325EC2}.Debug|Any CPU.ActiveCfg = Debug|Any CPU
		{9681DA27-B148-4AB5-9C45-46E0F6325EC2}.Debug|Any CPU.Build.0 = Debug|Any CPU
		{9681DA27-B148-4AB5-9C45-46E0F6325EC2}.Debug|x64.ActiveCfg = Debug|Any CPU
		{9681DA27-B148-4AB5-9C45-46E0F6325EC2}.Debug|x64.Build.0 = Debug|Any CPU
		{9681DA27-B148-4AB5-9C45-46E0F6325EC2}.Debug|x86.ActiveCfg = Debug|Any CPU
		{9681DA27-B148-4AB5-9C45-46E0F6325EC2}.Debug|x86.Build.0 = Debug|Any CPU
		{9681DA27-B148-4AB5-9C45-46E0F6325EC2}.Release|Any CPU.ActiveCfg = Release|Any CPU
		{9681DA27-B148-4AB5-9C45-46E0F6325EC2}.Release|Any CPU.Build.0 = Release|Any CPU
		{9681DA27-B148-4AB5-9C45-46E0F6325EC2}.Release|x64.ActiveCfg = Release|Any CPU
		{9681DA27-B148-4AB5-9C45-46E0F6325EC2}.Release|x64.Build.0 = Release|Any CPU
		{9681DA27-B148-4AB5-9C45-46E0F6325EC2}.Release|x86.ActiveCfg = Release|Any CPU
		{9681DA27-B148-4AB5-9C45-46E0F6325EC2}.Release|x86.Build.0 = Release|Any CPU
		{AB135945-CCC6-4E42-89DF-5A0F282B9140}.Debug|Any CPU.ActiveCfg = Debug|Any CPU
		{AB135945-CCC6-4E42-89DF-5A0F282B9140}.Debug|Any CPU.Build.0 = Debug|Any CPU
		{AB135945-CCC6-4E42-89DF-5A0F282B9140}.Debug|x64.ActiveCfg = Debug|Any CPU
		{AB135945-CCC6-4E42-89DF-5A0F282B9140}.Debug|x64.Build.0 = Debug|Any CPU
		{AB135945-CCC6-4E42-89DF-5A0F282B9140}.Debug|x86.ActiveCfg = Debug|Any CPU
		{AB135945-CCC6-4E42-89DF-5A0F282B9140}.Debug|x86.Build.0 = Debug|Any CPU
		{AB135945-CCC6-4E42-89DF-5A0F282B9140}.Release|Any CPU.ActiveCfg = Release|Any CPU
		{AB135945-CCC6-4E42-89DF-5A0F282B9140}.Release|Any CPU.Build.0 = Release|Any CPU
		{AB135945-CCC6-4E42-89DF-5A0F282B9140}.Release|x64.ActiveCfg = Release|Any CPU
		{AB135945-CCC6-4E42-89DF-5A0F282B9140}.Release|x64.Build.0 = Release|Any CPU
		{AB135945-CCC6-4E42-89DF-5A0F282B9140}.Release|x86.ActiveCfg = Release|Any CPU
		{AB135945-CCC6-4E42-89DF-5A0F282B9140}.Release|x86.Build.0 = Release|Any CPU
	EndGlobalSection
	GlobalSection(SolutionProperties) = preSolution
		HideSolutionNode = FALSE
	EndGlobalSection
	GlobalSection(NestedProjects) = preSolution
		{7C8D8938-FC94-4AEA-9C2E-33B80CB1B85B} = {827E0CD3-B72D-47B6-A68D-7590B98EB39B}
		{3F138E06-C9B0-A8EF-AB11-D0B0459764B8} = {A7FFB67D-78BD-B692-0A70-32071179BAD1}
		{FBEEE1C9-A02B-BBC9-68A5-1394F29243BF} = {3F138E06-C9B0-A8EF-AB11-D0B0459764B8}
		{0C788A8E-B4A0-EB75-3549-5527E822D8A2} = {FBEEE1C9-A02B-BBC9-68A5-1394F29243BF}
		{8886F388-4004-466F-9605-235CAAB7671E} = {0C788A8E-B4A0-EB75-3549-5527E822D8A2}
		{2EE916A1-D843-EA25-C904-D50152B715D9} = {FBEEE1C9-A02B-BBC9-68A5-1394F29243BF}
		{5FA01222-6C48-459E-BA9E-902EA1B0798A} = {2EE916A1-D843-EA25-C904-D50152B715D9}
		{9681DA27-B148-4AB5-9C45-46E0F6325EC2} = {FBEEE1C9-A02B-BBC9-68A5-1394F29243BF}
		{95030ADC-5115-6828-CF53-2C389706BC19} = {FBEEE1C9-A02B-BBC9-68A5-1394F29243BF}
		{AB135945-CCC6-4E42-89DF-5A0F282B9140} = {95030ADC-5115-6828-CF53-2C389706BC19}
	EndGlobalSection
EndGlobal
